// !$*UTF8*$!
{
	archiveVersion = 1;
	classes = {
	};
	objectVersion = 51;
	objects = {

/* Begin PBXBuildFile section */
		567F928D248E1A8000C00DC3 /* Users.swift in Sources */ = {isa = PBXBuildFile; fileRef = 567F928C248E1A8000C00DC3 /* Users.swift */; };
		567F92C0248EA12F00C00DC3 /* MessagesTableViewController.swift in Sources */ = {isa = PBXBuildFile; fileRef = 567F92BF248EA12F00C00DC3 /* MessagesTableViewController.swift */; };
		567F92C2248EA3F800C00DC3 /* UsersTableViewCell.swift in Sources */ = {isa = PBXBuildFile; fileRef = 567F92C1248EA3F800C00DC3 /* UsersTableViewCell.swift */; };
		56C2F1F524837F1A0017A89F /* SceneDelegate.swift in Sources */ = {isa = PBXBuildFile; fileRef = 56C2F1F424837F1A0017A89F /* SceneDelegate.swift */; };
		56C2F1FA24837F1A0017A89F /* Main.storyboard in Resources */ = {isa = PBXBuildFile; fileRef = 56C2F1F824837F1A0017A89F /* Main.storyboard */; };
		56C2F1FC24837F1D0017A89F /* Assets.xcassets in Resources */ = {isa = PBXBuildFile; fileRef = 56C2F1FB24837F1D0017A89F /* Assets.xcassets */; };
		56C2F1FF24837F1D0017A89F /* LaunchScreen.storyboard in Resources */ = {isa = PBXBuildFile; fileRef = 56C2F1FD24837F1D0017A89F /* LaunchScreen.storyboard */; };
		56C2F20B24837FCF0017A89F /* ImageUtils.swift in Sources */ = {isa = PBXBuildFile; fileRef = 56C2F20724837FCF0017A89F /* ImageUtils.swift */; };
		56C2F20C24837FCF0017A89F /* ErrorsViewController.swift in Sources */ = {isa = PBXBuildFile; fileRef = 56C2F20824837FCF0017A89F /* ErrorsViewController.swift */; };
		56C2F20D24837FCF0017A89F /* Logger.swift in Sources */ = {isa = PBXBuildFile; fileRef = 56C2F20924837FCF0017A89F /* Logger.swift */; };
		56C2F20E24837FCF0017A89F /* AccessDB.swift in Sources */ = {isa = PBXBuildFile; fileRef = 56C2F20A24837FCF0017A89F /* AccessDB.swift */; };
		56C2F2122483802D0017A89F /* MainPage.storyboard in Resources */ = {isa = PBXBuildFile; fileRef = 56C2F2102483802D0017A89F /* MainPage.storyboard */; };
		56C2F2132483802D0017A89F /* CreateNewAccount.storyboard in Resources */ = {isa = PBXBuildFile; fileRef = 56C2F2112483802D0017A89F /* CreateNewAccount.storyboard */; };
		56C74692248CC5F600913958 /* Messages.storyboard in Resources */ = {isa = PBXBuildFile; fileRef = 56C74691248CC5F600913958 /* Messages.storyboard */; };
		56C74696248CD1EB00913958 /* FirebaseMessages.swift in Sources */ = {isa = PBXBuildFile; fileRef = 56C74695248CD1EB00913958 /* FirebaseMessages.swift */; };
		56F91DC6248381DC00EDD602 /* HomePageViewController.swift in Sources */ = {isa = PBXBuildFile; fileRef = 56F91DC1248381DC00EDD602 /* HomePageViewController.swift */; };
		56F91DC7248381DC00EDD602 /* MainPageViewController.swift in Sources */ = {isa = PBXBuildFile; fileRef = 56F91DC2248381DC00EDD602 /* MainPageViewController.swift */; };
		56F91DC9248381DC00EDD602 /* CreateAccountViewController.swift in Sources */ = {isa = PBXBuildFile; fileRef = 56F91DC4248381DC00EDD602 /* CreateAccountViewController.swift */; };
		56F91DCA248381DC00EDD602 /* SigninViewController.swift in Sources */ = {isa = PBXBuildFile; fileRef = 56F91DC5248381DC00EDD602 /* SigninViewController.swift */; };
		56F91DCC2483828700EDD602 /* AppDelegate.swift in Sources */ = {isa = PBXBuildFile; fileRef = 56F91DCB2483828700EDD602 /* AppDelegate.swift */; };
		56F91DCE2483844200EDD602 /* GoogleService-Info.plist in Resources */ = {isa = PBXBuildFile; fileRef = 56F91DCD2483844200EDD602 /* GoogleService-Info.plist */; };
		A4CB86EB3CF491C23E8A9A94 /* Pods_RooMateBeta.framework in Frameworks */ = {isa = PBXBuildFile; fileRef = B1C93DCD94FA8141BA2D5D59 /* Pods_RooMateBeta.framework */; };
/* End PBXBuildFile section */

/* Begin PBXFileReference section */
		567F928C248E1A8000C00DC3 /* Users.swift */ = {isa = PBXFileReference; lastKnownFileType = sourcecode.swift; path = Users.swift; sourceTree = "<group>"; };
		567F92BF248EA12F00C00DC3 /* MessagesTableViewController.swift */ = {isa = PBXFileReference; lastKnownFileType = sourcecode.swift; path = MessagesTableViewController.swift; sourceTree = "<group>"; };
		567F92C1248EA3F800C00DC3 /* UsersTableViewCell.swift */ = {isa = PBXFileReference; lastKnownFileType = sourcecode.swift; path = UsersTableViewCell.swift; sourceTree = "<group>"; };
		56C2F1EF24837F1A0017A89F /* RooMateBeta.app */ = {isa = PBXFileReference; explicitFileType = wrapper.application; includeInIndex = 0; path = RooMateBeta.app; sourceTree = BUILT_PRODUCTS_DIR; };
		56C2F1F424837F1A0017A89F /* SceneDelegate.swift */ = {isa = PBXFileReference; lastKnownFileType = sourcecode.swift; path = SceneDelegate.swift; sourceTree = "<group>"; };
		56C2F1F924837F1A0017A89F /* Base */ = {isa = PBXFileReference; lastKnownFileType = file.storyboard; name = Base; path = Base.lproj/Main.storyboard; sourceTree = "<group>"; };
		56C2F1FB24837F1D0017A89F /* Assets.xcassets */ = {isa = PBXFileReference; lastKnownFileType = folder.assetcatalog; path = Assets.xcassets; sourceTree = "<group>"; };
		56C2F1FE24837F1D0017A89F /* Base */ = {isa = PBXFileReference; lastKnownFileType = file.storyboard; name = Base; path = Base.lproj/LaunchScreen.storyboard; sourceTree = "<group>"; };
		56C2F20024837F1D0017A89F /* Info.plist */ = {isa = PBXFileReference; lastKnownFileType = text.plist.xml; path = Info.plist; sourceTree = "<group>"; };
		56C2F20724837FCF0017A89F /* ImageUtils.swift */ = {isa = PBXFileReference; fileEncoding = 4; lastKnownFileType = sourcecode.swift; path = ImageUtils.swift; sourceTree = "<group>"; };
		56C2F20824837FCF0017A89F /* ErrorsViewController.swift */ = {isa = PBXFileReference; fileEncoding = 4; lastKnownFileType = sourcecode.swift; path = ErrorsViewController.swift; sourceTree = "<group>"; };
		56C2F20924837FCF0017A89F /* Logger.swift */ = {isa = PBXFileReference; fileEncoding = 4; lastKnownFileType = sourcecode.swift; path = Logger.swift; sourceTree = "<group>"; };
		56C2F20A24837FCF0017A89F /* AccessDB.swift */ = {isa = PBXFileReference; fileEncoding = 4; lastKnownFileType = sourcecode.swift; path = AccessDB.swift; sourceTree = "<group>"; };
		56C2F2102483802D0017A89F /* MainPage.storyboard */ = {isa = PBXFileReference; fileEncoding = 4; lastKnownFileType = file.storyboard; path = MainPage.storyboard; sourceTree = "<group>"; };
		56C2F2112483802D0017A89F /* CreateNewAccount.storyboard */ = {isa = PBXFileReference; fileEncoding = 4; lastKnownFileType = file.storyboard; path = CreateNewAccount.storyboard; sourceTree = "<group>"; };
		56C74691248CC5F600913958 /* Messages.storyboard */ = {isa = PBXFileReference; lastKnownFileType = file.storyboard; path = Messages.storyboard; sourceTree = "<group>"; };
		56C74695248CD1EB00913958 /* FirebaseMessages.swift */ = {isa = PBXFileReference; lastKnownFileType = sourcecode.swift; path = FirebaseMessages.swift; sourceTree = "<group>"; };
		56F91DC1248381DC00EDD602 /* HomePageViewController.swift */ = {isa = PBXFileReference; fileEncoding = 4; lastKnownFileType = sourcecode.swift; path = HomePageViewController.swift; sourceTree = "<group>"; };
		56F91DC2248381DC00EDD602 /* MainPageViewController.swift */ = {isa = PBXFileReference; fileEncoding = 4; lastKnownFileType = sourcecode.swift; path = MainPageViewController.swift; sourceTree = "<group>"; };
		56F91DC4248381DC00EDD602 /* CreateAccountViewController.swift */ = {isa = PBXFileReference; fileEncoding = 4; lastKnownFileType = sourcecode.swift; path = CreateAccountViewController.swift; sourceTree = "<group>"; };
		56F91DC5248381DC00EDD602 /* SigninViewController.swift */ = {isa = PBXFileReference; fileEncoding = 4; lastKnownFileType = sourcecode.swift; path = SigninViewController.swift; sourceTree = "<group>"; };
		56F91DCB2483828700EDD602 /* AppDelegate.swift */ = {isa = PBXFileReference; fileEncoding = 4; lastKnownFileType = sourcecode.swift; path = AppDelegate.swift; sourceTree = "<group>"; };
		56F91DCD2483844200EDD602 /* GoogleService-Info.plist */ = {isa = PBXFileReference; fileEncoding = 4; lastKnownFileType = text.plist.xml; path = "GoogleService-Info.plist"; sourceTree = "<group>"; };
		6B3CE2FE4AA2474D8D1BC3D7 /* Pods-RooMateBeta.debug.xcconfig */ = {isa = PBXFileReference; includeInIndex = 1; lastKnownFileType = text.xcconfig; name = "Pods-RooMateBeta.debug.xcconfig"; path = "Target Support Files/Pods-RooMateBeta/Pods-RooMateBeta.debug.xcconfig"; sourceTree = "<group>"; };
		B1C93DCD94FA8141BA2D5D59 /* Pods_RooMateBeta.framework */ = {isa = PBXFileReference; explicitFileType = wrapper.framework; includeInIndex = 0; path = Pods_RooMateBeta.framework; sourceTree = BUILT_PRODUCTS_DIR; };
		FF593678D488FD89A46C2920 /* Pods-RooMateBeta.release.xcconfig */ = {isa = PBXFileReference; includeInIndex = 1; lastKnownFileType = text.xcconfig; name = "Pods-RooMateBeta.release.xcconfig"; path = "Target Support Files/Pods-RooMateBeta/Pods-RooMateBeta.release.xcconfig"; sourceTree = "<group>"; };
/* End PBXFileReference section */

/* Begin PBXFrameworksBuildPhase section */
		56C2F1EC24837F1A0017A89F /* Frameworks */ = {
			isa = PBXFrameworksBuildPhase;
			buildActionMask = 2147483647;
			files = (
				A4CB86EB3CF491C23E8A9A94 /* Pods_RooMateBeta.framework in Frameworks */,
			);
			runOnlyForDeploymentPostprocessing = 0;
		};
/* End PBXFrameworksBuildPhase section */

/* Begin PBXGroup section */
		11F0B7792109D1821A3CCC30 /* Frameworks */ = {
			isa = PBXGroup;
			children = (
				B1C93DCD94FA8141BA2D5D59 /* Pods_RooMateBeta.framework */,
			);
			name = Frameworks;
			sourceTree = "<group>";
		};
		567F928B248E1A6F00C00DC3 /* Model */ = {
			isa = PBXGroup;
			children = (
				567F928C248E1A8000C00DC3 /* Users.swift */,
			);
			path = Model;
			sourceTree = "<group>";
		};
		567F92BC248EA06C00C00DC3 /* TableViewController */ = {
			isa = PBXGroup;
			children = (
				567F92BF248EA12F00C00DC3 /* MessagesTableViewController.swift */,
				567F92C1248EA3F800C00DC3 /* UsersTableViewCell.swift */,
			);
			name = TableViewController;
			path = RooMateBeta/TableViewController;
			sourceTree = SOURCE_ROOT;
		};
		56C2F1E624837F1A0017A89F = {
			isa = PBXGroup;
			children = (
				56F91DCD2483844200EDD602 /* GoogleService-Info.plist */,
				56C2F1F124837F1A0017A89F /* RooMateBeta */,
				56C2F1F024837F1A0017A89F /* Products */,
				6AE0DE76E746C5FFDD7041FE /* Pods */,
				11F0B7792109D1821A3CCC30 /* Frameworks */,
			);
			sourceTree = "<group>";
		};
		56C2F1F024837F1A0017A89F /* Products */ = {
			isa = PBXGroup;
			children = (
				56C2F1EF24837F1A0017A89F /* RooMateBeta.app */,
			);
			name = Products;
			sourceTree = "<group>";
		};
		56C2F1F124837F1A0017A89F /* RooMateBeta */ = {
			isa = PBXGroup;
			children = (
				567F928B248E1A6F00C00DC3 /* Model */,
				56C2F20F2483802D0017A89F /* StoryBoards */,
				567F92BC248EA06C00C00DC3 /* TableViewController */,
				56F91DC0248381DC00EDD602 /* ViewControllers */,
				56C2F20624837F840017A89F /* Utils */,
				56C2F1F424837F1A0017A89F /* SceneDelegate.swift */,
				56F91DCB2483828700EDD602 /* AppDelegate.swift */,
				56C2F1FB24837F1D0017A89F /* Assets.xcassets */,
				56C2F1FD24837F1D0017A89F /* LaunchScreen.storyboard */,
				56C2F20024837F1D0017A89F /* Info.plist */,
			);
			path = RooMateBeta;
			sourceTree = "<group>";
		};
		56C2F20624837F840017A89F /* Utils */ = {
			isa = PBXGroup;
			children = (
				56C2F20A24837FCF0017A89F /* AccessDB.swift */,
				56C74695248CD1EB00913958 /* FirebaseMessages.swift */,
				56C2F20824837FCF0017A89F /* ErrorsViewController.swift */,
				56C2F20724837FCF0017A89F /* ImageUtils.swift */,
				56C2F20924837FCF0017A89F /* Logger.swift */,
			);
			path = Utils;
			sourceTree = "<group>";
		};
		56C2F20F2483802D0017A89F /* StoryBoards */ = {
			isa = PBXGroup;
			children = (
				56C2F2102483802D0017A89F /* MainPage.storyboard */,
				56C74691248CC5F600913958 /* Messages.storyboard */,
				56C2F2112483802D0017A89F /* CreateNewAccount.storyboard */,
				56C2F1F824837F1A0017A89F /* Main.storyboard */,
			);
			path = StoryBoards;
			sourceTree = "<group>";
		};
		56F91DC0248381DC00EDD602 /* ViewControllers */ = {
			isa = PBXGroup;
			children = (
				56F91DC1248381DC00EDD602 /* HomePageViewController.swift */,
				56F91DC2248381DC00EDD602 /* MainPageViewController.swift */,
				56F91DC4248381DC00EDD602 /* CreateAccountViewController.swift */,
				56F91DC5248381DC00EDD602 /* SigninViewController.swift */,
			);
			path = ViewControllers;
			sourceTree = "<group>";
		};
		6AE0DE76E746C5FFDD7041FE /* Pods */ = {
			isa = PBXGroup;
			children = (
				6B3CE2FE4AA2474D8D1BC3D7 /* Pods-RooMateBeta.debug.xcconfig */,
				FF593678D488FD89A46C2920 /* Pods-RooMateBeta.release.xcconfig */,
			);
			path = Pods;
			sourceTree = "<group>";
		};
/* End PBXGroup section */

/* Begin PBXNativeTarget section */
		56C2F1EE24837F1A0017A89F /* RooMateBeta */ = {
			isa = PBXNativeTarget;
			buildConfigurationList = 56C2F20324837F1D0017A89F /* Build configuration list for PBXNativeTarget "RooMateBeta" */;
			buildPhases = (
				5FE205455F9384BF45FE4106 /* [CP] Check Pods Manifest.lock */,
				56C2F1EB24837F1A0017A89F /* Sources */,
				56C2F1EC24837F1A0017A89F /* Frameworks */,
				56C2F1ED24837F1A0017A89F /* Resources */,
				EC9EAA44E8BB77C826B2A3E8 /* [CP] Embed Pods Frameworks */,
				52A28D029007CF580811A937 /* [CP] Copy Pods Resources */,
			);
			buildRules = (
			);
			dependencies = (
			);
			name = RooMateBeta;
			productName = RooMateBeta;
			productReference = 56C2F1EF24837F1A0017A89F /* RooMateBeta.app */;
			productType = "com.apple.product-type.application";
		};
/* End PBXNativeTarget section */

/* Begin PBXProject section */
		56C2F1E724837F1A0017A89F /* Project object */ = {
			isa = PBXProject;
			attributes = {
				LastSwiftUpdateCheck = 1150;
				LastUpgradeCheck = 1150;
				ORGANIZATIONNAME = "Ron Hirsch";
				TargetAttributes = {
					56C2F1EE24837F1A0017A89F = {
						CreatedOnToolsVersion = 11.5;
					};
				};
			};
			buildConfigurationList = 56C2F1EA24837F1A0017A89F /* Build configuration list for PBXProject "RooMateBeta" */;
			compatibilityVersion = "Xcode 9.3";
			developmentRegion = en;
			hasScannedForEncodings = 0;
			knownRegions = (
				en,
				Base,
			);
			mainGroup = 56C2F1E624837F1A0017A89F;
			productRefGroup = 56C2F1F024837F1A0017A89F /* Products */;
			projectDirPath = "";
			projectRoot = "";
			targets = (
				56C2F1EE24837F1A0017A89F /* RooMateBeta */,
			);
		};
/* End PBXProject section */

/* Begin PBXResourcesBuildPhase section */
		56C2F1ED24837F1A0017A89F /* Resources */ = {
			isa = PBXResourcesBuildPhase;
			buildActionMask = 2147483647;
			files = (
				56C2F2122483802D0017A89F /* MainPage.storyboard in Resources */,
				56C2F1FF24837F1D0017A89F /* LaunchScreen.storyboard in Resources */,
				56C2F2132483802D0017A89F /* CreateNewAccount.storyboard in Resources */,
				56C2F1FC24837F1D0017A89F /* Assets.xcassets in Resources */,
				56C74692248CC5F600913958 /* Messages.storyboard in Resources */,
				56C2F1FA24837F1A0017A89F /* Main.storyboard in Resources */,
				56F91DCE2483844200EDD602 /* GoogleService-Info.plist in Resources */,
			);
			runOnlyForDeploymentPostprocessing = 0;
		};
/* End PBXResourcesBuildPhase section */

/* Begin PBXShellScriptBuildPhase section */
		52A28D029007CF580811A937 /* [CP] Copy Pods Resources */ = {
			isa = PBXShellScriptBuildPhase;
			buildActionMask = 2147483647;
			files = (
			);
			inputFileListPaths = (
				"${PODS_ROOT}/Target Support Files/Pods-RooMateBeta/Pods-RooMateBeta-resources-${CONFIGURATION}-input-files.xcfilelist",
			);
			name = "[CP] Copy Pods Resources";
			outputFileListPaths = (
				"${PODS_ROOT}/Target Support Files/Pods-RooMateBeta/Pods-RooMateBeta-resources-${CONFIGURATION}-output-files.xcfilelist",
			);
			runOnlyForDeploymentPostprocessing = 0;
			shellPath = /bin/sh;
			shellScript = "\"${PODS_ROOT}/Target Support Files/Pods-RooMateBeta/Pods-RooMateBeta-resources.sh\"\n";
			showEnvVarsInLog = 0;
		};
		5FE205455F9384BF45FE4106 /* [CP] Check Pods Manifest.lock */ = {
			isa = PBXShellScriptBuildPhase;
			buildActionMask = 2147483647;
			files = (
			);
			inputFileListPaths = (
			);
			inputPaths = (
				"${PODS_PODFILE_DIR_PATH}/Podfile.lock",
				"${PODS_ROOT}/Manifest.lock",
			);
			name = "[CP] Check Pods Manifest.lock";
			outputFileListPaths = (
			);
			outputPaths = (
				"$(DERIVED_FILE_DIR)/Pods-RooMateBeta-checkManifestLockResult.txt",
			);
			runOnlyForDeploymentPostprocessing = 0;
			shellPath = /bin/sh;
			shellScript = "diff \"${PODS_PODFILE_DIR_PATH}/Podfile.lock\" \"${PODS_ROOT}/Manifest.lock\" > /dev/null\nif [ $? != 0 ] ; then\n    # print error to STDERR\n    echo \"error: The sandbox is not in sync with the Podfile.lock. Run 'pod install' or update your CocoaPods installation.\" >&2\n    exit 1\nfi\n# This output is used by Xcode 'outputs' to avoid re-running this script phase.\necho \"SUCCESS\" > \"${SCRIPT_OUTPUT_FILE_0}\"\n";
			showEnvVarsInLog = 0;
		};
		EC9EAA44E8BB77C826B2A3E8 /* [CP] Embed Pods Frameworks */ = {
			isa = PBXShellScriptBuildPhase;
			buildActionMask = 2147483647;
			files = (
			);
			inputFileListPaths = (
				"${PODS_ROOT}/Target Support Files/Pods-RooMateBeta/Pods-RooMateBeta-frameworks-${CONFIGURATION}-input-files.xcfilelist",
			);
			name = "[CP] Embed Pods Frameworks";
			outputFileListPaths = (
				"${PODS_ROOT}/Target Support Files/Pods-RooMateBeta/Pods-RooMateBeta-frameworks-${CONFIGURATION}-output-files.xcfilelist",
			);
			runOnlyForDeploymentPostprocessing = 0;
			shellPath = /bin/sh;
			shellScript = "\"${PODS_ROOT}/Target Support Files/Pods-RooMateBeta/Pods-RooMateBeta-frameworks.sh\"\n";
			showEnvVarsInLog = 0;
		};
/* End PBXShellScriptBuildPhase section */

/* Begin PBXSourcesBuildPhase section */
		56C2F1EB24837F1A0017A89F /* Sources */ = {
			isa = PBXSourcesBuildPhase;
			buildActionMask = 2147483647;
			files = (
				56F91DCC2483828700EDD602 /* AppDelegate.swift in Sources */,
				56C2F20E24837FCF0017A89F /* AccessDB.swift in Sources */,
				56F91DC7248381DC00EDD602 /* MainPageViewController.swift in Sources */,
				56C2F20D24837FCF0017A89F /* Logger.swift in Sources */,
				56F91DC6248381DC00EDD602 /* HomePageViewController.swift in Sources */,
				56C2F20C24837FCF0017A89F /* ErrorsViewController.swift in Sources */,
				56F91DCA248381DC00EDD602 /* SigninViewController.swift in Sources */,
				56F91DC9248381DC00EDD602 /* CreateAccountViewController.swift in Sources */,
				567F92C0248EA12F00C00DC3 /* MessagesTableViewController.swift in Sources */,
				567F928D248E1A8000C00DC3 /* Users.swift in Sources */,
				567F92C2248EA3F800C00DC3 /* UsersTableViewCell.swift in Sources */,
				56C2F1F524837F1A0017A89F /* SceneDelegate.swift in Sources */,
				56C74696248CD1EB00913958 /* FirebaseMessages.swift in Sources */,
				56C2F20B24837FCF0017A89F /* ImageUtils.swift in Sources */,
			);
			runOnlyForDeploymentPostprocessing = 0;
		};
/* End PBXSourcesBuildPhase section */

/* Begin PBXVariantGroup section */
		56C2F1F824837F1A0017A89F /* Main.storyboard */ = {
			isa = PBXVariantGroup;
			children = (
				56C2F1F924837F1A0017A89F /* Base */,
			);
			name = Main.storyboard;
			sourceTree = "<group>";
		};
		56C2F1FD24837F1D0017A89F /* LaunchScreen.storyboard */ = {
			isa = PBXVariantGroup;
			children = (
				56C2F1FE24837F1D0017A89F /* Base */,
			);
			name = LaunchScreen.storyboard;
			sourceTree = "<group>";
		};
/* End PBXVariantGroup section */

/* Begin XCBuildConfiguration section */
		56C2F20124837F1D0017A89F /* Debug */ = {
			isa = XCBuildConfiguration;
			buildSettings = {
				ALWAYS_SEARCH_USER_PATHS = NO;
				CLANG_ANALYZER_NONNULL = YES;
				CLANG_ANALYZER_NUMBER_OBJECT_CONVERSION = YES_AGGRESSIVE;
				CLANG_CXX_LANGUAGE_STANDARD = "gnu++14";
				CLANG_CXX_LIBRARY = "libc++";
				CLANG_ENABLE_MODULES = YES;
				CLANG_ENABLE_OBJC_ARC = YES;
				CLANG_ENABLE_OBJC_WEAK = YES;
				CLANG_WARN_BLOCK_CAPTURE_AUTORELEASING = YES;
				CLANG_WARN_BOOL_CONVERSION = YES;
				CLANG_WARN_COMMA = YES;
				CLANG_WARN_CONSTANT_CONVERSION = YES;
				CLANG_WARN_DEPRECATED_OBJC_IMPLEMENTATIONS = YES;
				CLANG_WARN_DIRECT_OBJC_ISA_USAGE = YES_ERROR;
				CLANG_WARN_DOCUMENTATION_COMMENTS = YES;
				CLANG_WARN_EMPTY_BODY = YES;
				CLANG_WARN_ENUM_CONVERSION = YES;
				CLANG_WARN_INFINITE_RECURSION = YES;
				CLANG_WARN_INT_CONVERSION = YES;
				CLANG_WARN_NON_LITERAL_NULL_CONVERSION = YES;
				CLANG_WARN_OBJC_IMPLICIT_RETAIN_SELF = YES;
				CLANG_WARN_OBJC_LITERAL_CONVERSION = YES;
				CLANG_WARN_OBJC_ROOT_CLASS = YES_ERROR;
				CLANG_WARN_RANGE_LOOP_ANALYSIS = YES;
				CLANG_WARN_STRICT_PROTOTYPES = YES;
				CLANG_WARN_SUSPICIOUS_MOVE = YES;
				CLANG_WARN_UNGUARDED_AVAILABILITY = YES_AGGRESSIVE;
				CLANG_WARN_UNREACHABLE_CODE = YES;
				CLANG_WARN__DUPLICATE_METHOD_MATCH = YES;
				COPY_PHASE_STRIP = NO;
				DEBUG_INFORMATION_FORMAT = dwarf;
				ENABLE_STRICT_OBJC_MSGSEND = YES;
				ENABLE_TESTABILITY = YES;
				GCC_C_LANGUAGE_STANDARD = gnu11;
				GCC_DYNAMIC_NO_PIC = NO;
				GCC_NO_COMMON_BLOCKS = YES;
				GCC_OPTIMIZATION_LEVEL = 0;
				GCC_PREPROCESSOR_DEFINITIONS = (
					"DEBUG=1",
					"$(inherited)",
				);
				GCC_WARN_64_TO_32_BIT_CONVERSION = YES;
				GCC_WARN_ABOUT_RETURN_TYPE = YES_ERROR;
				GCC_WARN_UNDECLARED_SELECTOR = YES;
				GCC_WARN_UNINITIALIZED_AUTOS = YES_AGGRESSIVE;
				GCC_WARN_UNUSED_FUNCTION = YES;
				GCC_WARN_UNUSED_VARIABLE = YES;
				IPHONEOS_DEPLOYMENT_TARGET = 13.5;
				MTL_ENABLE_DEBUG_INFO = INCLUDE_SOURCE;
				MTL_FAST_MATH = YES;
				ONLY_ACTIVE_ARCH = YES;
				SDKROOT = iphoneos;
				SWIFT_ACTIVE_COMPILATION_CONDITIONS = DEBUG;
				SWIFT_OPTIMIZATION_LEVEL = "-Onone";
			};
			name = Debug;
		};
		56C2F20224837F1D0017A89F /* Release */ = {
			isa = XCBuildConfiguration;
			buildSettings = {
				ALWAYS_SEARCH_USER_PATHS = NO;
				CLANG_ANALYZER_NONNULL = YES;
				CLANG_ANALYZER_NUMBER_OBJECT_CONVERSION = YES_AGGRESSIVE;
				CLANG_CXX_LANGUAGE_STANDARD = "gnu++14";
				CLANG_CXX_LIBRARY = "libc++";
				CLANG_ENABLE_MODULES = YES;
				CLANG_ENABLE_OBJC_ARC = YES;
				CLANG_ENABLE_OBJC_WEAK = YES;
				CLANG_WARN_BLOCK_CAPTURE_AUTORELEASING = YES;
				CLANG_WARN_BOOL_CONVERSION = YES;
				CLANG_WARN_COMMA = YES;
				CLANG_WARN_CONSTANT_CONVERSION = YES;
				CLANG_WARN_DEPRECATED_OBJC_IMPLEMENTATIONS = YES;
				CLANG_WARN_DIRECT_OBJC_ISA_USAGE = YES_ERROR;
				CLANG_WARN_DOCUMENTATION_COMMENTS = YES;
				CLANG_WARN_EMPTY_BODY = YES;
				CLANG_WARN_ENUM_CONVERSION = YES;
				CLANG_WARN_INFINITE_RECURSION = YES;
				CLANG_WARN_INT_CONVERSION = YES;
				CLANG_WARN_NON_LITERAL_NULL_CONVERSION = YES;
				CLANG_WARN_OBJC_IMPLICIT_RETAIN_SELF = YES;
				CLANG_WARN_OBJC_LITERAL_CONVERSION = YES;
				CLANG_WARN_OBJC_ROOT_CLASS = YES_ERROR;
				CLANG_WARN_RANGE_LOOP_ANALYSIS = YES;
				CLANG_WARN_STRICT_PROTOTYPES = YES;
				CLANG_WARN_SUSPICIOUS_MOVE = YES;
				CLANG_WARN_UNGUARDED_AVAILABILITY = YES_AGGRESSIVE;
				CLANG_WARN_UNREACHABLE_CODE = YES;
				CLANG_WARN__DUPLICATE_METHOD_MATCH = YES;
				COPY_PHASE_STRIP = NO;
				DEBUG_INFORMATION_FORMAT = "dwarf-with-dsym";
				ENABLE_NS_ASSERTIONS = NO;
				ENABLE_STRICT_OBJC_MSGSEND = YES;
				GCC_C_LANGUAGE_STANDARD = gnu11;
				GCC_NO_COMMON_BLOCKS = YES;
				GCC_WARN_64_TO_32_BIT_CONVERSION = YES;
				GCC_WARN_ABOUT_RETURN_TYPE = YES_ERROR;
				GCC_WARN_UNDECLARED_SELECTOR = YES;
				GCC_WARN_UNINITIALIZED_AUTOS = YES_AGGRESSIVE;
				GCC_WARN_UNUSED_FUNCTION = YES;
				GCC_WARN_UNUSED_VARIABLE = YES;
				IPHONEOS_DEPLOYMENT_TARGET = 13.5;
				MTL_ENABLE_DEBUG_INFO = NO;
				MTL_FAST_MATH = YES;
				SDKROOT = iphoneos;
				SWIFT_COMPILATION_MODE = wholemodule;
				SWIFT_OPTIMIZATION_LEVEL = "-O";
				VALIDATE_PRODUCT = YES;
			};
			name = Release;
		};
		56C2F20424837F1D0017A89F /* Debug */ = {
			isa = XCBuildConfiguration;
			baseConfigurationReference = 6B3CE2FE4AA2474D8D1BC3D7 /* Pods-RooMateBeta.debug.xcconfig */;
			buildSettings = {
				ASSETCATALOG_COMPILER_APPICON_NAME = AppIcon;
				CODE_SIGN_STYLE = Automatic;
				DEVELOPMENT_TEAM = 67HGWP226T;
				INFOPLIST_FILE = RooMateBeta/Info.plist;
				LD_RUNPATH_SEARCH_PATHS = (
					"$(inherited)",
					"@executable_path/Frameworks",
				);
				PRODUCT_BUNDLE_IDENTIFIER = RooMateBeta.Beta;
				PRODUCT_NAME = "$(TARGET_NAME)";
				SWIFT_VERSION = 5.0;
				TARGETED_DEVICE_FAMILY = "1,2";
			};
			name = Debug;
		};
		56C2F20524837F1D0017A89F /* Release */ = {
			isa = XCBuildConfiguration;
			baseConfigurationReference = FF593678D488FD89A46C2920 /* Pods-RooMateBeta.release.xcconfig */;
			buildSettings = {
				ASSETCATALOG_COMPILER_APPICON_NAME = AppIcon;
				CODE_SIGN_STYLE = Automatic;
				DEVELOPMENT_TEAM = 67HGWP226T;
				INFOPLIST_FILE = RooMateBeta/Info.plist;
				LD_RUNPATH_SEARCH_PATHS = (
					"$(inherited)",
					"@executable_path/Frameworks",
				);
				PRODUCT_BUNDLE_IDENTIFIER = RooMateBeta.Beta;
				PRODUCT_NAME = "$(TARGET_NAME)";
				SWIFT_VERSION = 5.0;
				TARGETED_DEVICE_FAMILY = "1,2";
			};
			name = Release;
		};
/* End XCBuildConfiguration section */

/* Begin XCConfigurationList section */
		56C2F1EA24837F1A0017A89F /* Build configuration list for PBXProject "RooMateBeta" */ = {
			isa = XCConfigurationList;
			buildConfigurations = (
				56C2F20124837F1D0017A89F /* Debug */,
				56C2F20224837F1D0017A89F /* Release */,
			);
			defaultConfigurationIsVisible = 0;
			defaultConfigurationName = Release;
		};
		56C2F20324837F1D0017A89F /* Build configuration list for PBXNativeTarget "RooMateBeta" */ = {
			isa = XCConfigurationList;
			buildConfigurations = (
				56C2F20424837F1D0017A89F /* Debug */,
				56C2F20524837F1D0017A89F /* Release */,
			);
			defaultConfigurationIsVisible = 0;
			defaultConfigurationName = Release;
		};
/* End XCConfigurationList section */
	};
	rootObject = 56C2F1E724837F1A0017A89F /* Project object */;
}
